// !$*UTF8*$!
{
	archiveVersion = 1;
	classes = {
	};
	objectVersion = 46;
	objects = {

/* Begin PBXBuildFile section */
		AA3012821E3000B30001DD89 /* AppDelegate.swift in Sources */ = {isa = PBXBuildFile; fileRef = AA3012811E3000B30001DD89 /* AppDelegate.swift */; };
		AA3012841E3000B30001DD89 /* ViewController.swift in Sources */ = {isa = PBXBuildFile; fileRef = AA3012831E3000B30001DD89 /* ViewController.swift */; };
		AA3012871E3000B30001DD89 /* Main.storyboard in Resources */ = {isa = PBXBuildFile; fileRef = AA3012851E3000B30001DD89 /* Main.storyboard */; };
		AA3012891E3000B30001DD89 /* Assets.xcassets in Resources */ = {isa = PBXBuildFile; fileRef = AA3012881E3000B30001DD89 /* Assets.xcassets */; };
		AA30128C1E3000B30001DD89 /* LaunchScreen.storyboard in Resources */ = {isa = PBXBuildFile; fileRef = AA30128A1E3000B30001DD89 /* LaunchScreen.storyboard */; };
/* End PBXBuildFile section */

/* Begin PBXFileReference section */
		AA30127E1E3000B30001DD89 /* How Many Fingers.app */ = {isa = PBXFileReference; explicitFileType = wrapper.application; includeInIndex = 0; path = "How Many Fingers.app"; sourceTree = BUILT_PRODUCTS_DIR; };
		AA3012811E3000B30001DD89 /* AppDelegate.swift */ = {isa = PBXFileReference; lastKnownFileType = sourcecode.swift; path = AppDelegate.swift; sourceTree = "<group>"; };
		AA3012831E3000B30001DD89 /* ViewController.swift */ = {isa = PBXFileReference; lastKnownFileType = sourcecode.swift; path = ViewController.swift; sourceTree = "<group>"; };
		AA3012861E3000B30001DD89 /* Base */ = {isa = PBXFileReference; lastKnownFileType = file.storyboard; name = Base; path = Base.lproj/Main.storyboard; sourceTree = "<group>"; };
		AA3012881E3000B30001DD89 /* Assets.xcassets */ = {isa = PBXFileReference; lastKnownFileType = folder.assetcatalog; path = Assets.xcassets; sourceTree = "<group>"; };
		AA30128B1E3000B30001DD89 /* Base */ = {isa = PBXFileReference; lastKnownFileType = file.storyboard; name = Base; path = Base.lproj/LaunchScreen.storyboard; sourceTree = "<group>"; };
		AA30128D1E3000B30001DD89 /* Info.plist */ = {isa = PBXFileReference; lastKnownFileType = text.plist.xml; path = Info.plist; sourceTree = "<group>"; };
/* End PBXFileReference section */

/* Begin PBXFrameworksBuildPhase section */
		AA30127B1E3000B30001DD89 /* Frameworks */ = {
			isa = PBXFrameworksBuildPhase;
			buildActionMask = 2147483647;
			files = (
			);
			runOnlyForDeploymentPostprocessing = 0;
		};
/* End PBXFrameworksBuildPhase section */

/* Begin PBXGroup section */
		AA3012751E3000B30001DD89 = {
			isa = PBXGroup;
			children = (
				AA3012801E3000B30001DD89 /* How Many Fingers */,
				AA30127F1E3000B30001DD89 /* Products */,
			);
			sourceTree = "<group>";
		};
		AA30127F1E3000B30001DD89 /* Products */ = {
			isa = PBXGroup;
			children = (
				AA30127E1E3000B30001DD89 /* How Many Fingers.app */,
			);
			name = Products;
			sourceTree = "<group>";
		};
		AA3012801E3000B30001DD89 /* How Many Fingers */ = {
			isa = PBXGroup;
			children = (
				AA3012811E3000B30001DD89 /* AppDelegate.swift */,
				AA3012831E3000B30001DD89 /* ViewController.swift */,
				AA3012851E3000B30001DD89 /* Main.storyboard */,
				AA3012881E3000B30001DD89 /* Assets.xcassets */,
				AA30128A1E3000B30001DD89 /* LaunchScreen.storyboard */,
				AA30128D1E3000B30001DD89 /* Info.plist */,
			);
			path = "How Many Fingers";
			sourceTree = "<group>";
		};
/* End PBXGroup section */

/* Begin PBXNativeTarget section */
		AA30127D1E3000B30001DD89 /* How Many Fingers */ = {
			isa = PBXNativeTarget;
			buildConfigurationList = AA3012901E3000B30001DD89 /* Build configuration list for PBXNativeTarget "How Many Fingers" */;
			buildPhases = (
				AA30127A1E3000B30001DD89 /* Sources */,
				AA30127B1E3000B30001DD89 /* Frameworks */,
				AA30127C1E3000B30001DD89 /* Resources */,
			);
			buildRules = (
			);
			dependencies = (
			);
			name = "How Many Fingers";
			productName = "How Many Fingers";
			productReference = AA30127E1E3000B30001DD89 /* How Many Fingers.app */;
			productType = "com.apple.product-type.application";
		};
/* End PBXNativeTarget section */

/* Begin PBXProject section */
		AA3012761E3000B30001DD89 /* Project object */ = {
			isa = PBXProject;
			attributes = {
				LastSwiftUpdateCheck = 0820;
				LastUpgradeCheck = 0820;
				ORGANIZATIONNAME = "EZ IT Apps, LLC";
				TargetAttributes = {
					AA30127D1E3000B30001DD89 = {
						CreatedOnToolsVersion = 8.2.1;
						ProvisioningStyle = Automatic;
					};
				};
			};
			buildConfigurationList = AA3012791E3000B30001DD89 /* Build configuration list for PBXProject "How Many Fingers" */;
			compatibilityVersion = "Xcode 3.2";
			developmentRegion = English;
			hasScannedForEncodings = 0;
			knownRegions = (
				en,
				Base,
			);
			mainGroup = AA3012751E3000B30001DD89;
			productRefGroup = AA30127F1E3000B30001DD89 /* Products */;
			projectDirPath = "";
			projectRoot = "";
			targets = (
				AA30127D1E3000B30001DD89 /* How Many Fingers */,
			);
		};
/* End PBXProject section */

/* Begin PBXResourcesBuildPhase section */
		AA30127C1E3000B30001DD89 /* Resources */ = {
			isa = PBXResourcesBuildPhase;
			buildActionMask = 2147483647;
			files = (
				AA30128C1E3000B30001DD89 /* LaunchScreen.storyboard in Resources */,
				AA3012891E3000B30001DD89 /* Assets.xcassets in Resources */,
				AA3012871E3000B30001DD89 /* Main.storyboard in Resources */,
			);
			runOnlyForDeploymentPostprocessing = 0;
		};
/* End PBXResourcesBuildPhase section */

/* Begin PBXSourcesBuildPhase section */
		AA30127A1E3000B30001DD89 /* Sources */ = {
			isa = PBXSourcesBuildPhase;
			buildActionMask = 2147483647;
			files = (
				AA3012841E3000B30001DD89 /* ViewController.swift in Sources */,
				AA3012821E3000B30001DD89 /* AppDelegate.swift in Sources */,
			);
			runOnlyForDeploymentPostprocessing = 0;
		};
/* End PBXSourcesBuildPhase section */

/* Begin PBXVariantGroup section */
		AA3012851E3000B30001DD89 /* Main.storyboard */ = {
			isa = PBXVariantGroup;
			children = (
				AA3012861E3000B30001DD89 /* Base */,
			);
			name = Main.storyboard;
			sourceTree = "<group>";
		};
		AA30128A1E3000B30001DD89 /* LaunchScreen.storyboard */ = {
			isa = PBXVariantGroup;
			children = (
				AA30128B1E3000B30001DD89 /* Base */,
			);
			name = LaunchScreen.storyboard;
			sourceTree = "<group>";
		};
/* End PBXVariantGroup section */

/* Begin XCBuildConfiguration section */
		AA30128E1E3000B30001DD89 /* Debug */ = {
			isa = XCBuildConfiguration;
			buildSettings = {
				ALWAYS_SEARCH_USER_PATHS = NO;
				CLANG_ANALYZER_NONNULL = YES;
				CLANG_CXX_LANGUAGE_STANDARD = "gnu++0x";
				CLANG_CXX_LIBRARY = "libc++";
				CLANG_ENABLE_MODULES = YES;
				CLANG_ENABLE_OBJC_ARC = YES;
				CLANG_WARN_BOOL_CONVERSION = YES;
				CLANG_WARN_CONSTANT_CONVERSION = YES;
				CLANG_WARN_DIRECT_OBJC_ISA_USAGE = YES_ERROR;
				CLANG_WARN_DOCUMENTATION_COMMENTS = YES;
				CLANG_WARN_EMPTY_BODY = YES;
				CLANG_WARN_ENUM_CONVERSION = YES;
				CLANG_WARN_INFINITE_RECURSION = YES;
				CLANG_WARN_INT_CONVERSION = YES;
				CLANG_WARN_OBJC_ROOT_CLASS = YES_ERROR;
				CLANG_WARN_SUSPICIOUS_MOVE = YES;
				CLANG_WARN_UNREACHABLE_CODE = YES;
				CLANG_WARN__DUPLICATE_METHOD_MATCH = YES;
				"CODE_SIGN_IDENTITY[sdk=iphoneos*]" = "iPhone Developer";
				COPY_PHASE_STRIP = NO;
				DEBUG_INFORMATION_FORMAT = dwarf;
				ENABLE_STRICT_OBJC_MSGSEND = YES;
				ENABLE_TESTABILITY = YES;
				GCC_C_LANGUAGE_STANDARD = gnu99;
				GCC_DYNAMIC_NO_PIC = NO;
				GCC_NO_COMMON_BLOCKS = YES;
				GCC_OPTIMIZATION_LEVEL = 0;
				GCC_PREPROCESSOR_DEFINITIONS = (
					"DEBUG=1",
					"$(inherited)",
				);
				GCC_WARN_64_TO_32_BIT_CONVERSION = YES;
				GCC_WARN_ABOUT_RETURN_TYPE = YES_ERROR;
				GCC_WARN_UNDECLARED_SELECTOR = YES;
				GCC_WARN_UNINITIALIZED_AUTOS = YES_AGGRESSIVE;
				GCC_WARN_UNUSED_FUNCTION = YES;
				GCC_WARN_UNUSED_VARIABLE = YES;
				IPHONEOS_DEPLOYMENT_TARGET = 10.2;
				MTL_ENABLE_DEBUG_INFO = YES;
				ONLY_ACTIVE_ARCH = YES;
				SDKROOT = iphoneos;
				SWIFT_ACTIVE_COMPILATION_CONDITIONS = DEBUG;
				SWIFT_OPTIMIZATION_LEVEL = "-Onone";
				TARGETED_DEVICE_FAMILY = "1,2";
			};
			name = Debug;
		};
		AA30128F1E3000B30001DD89 /* Release */ = {
			isa = XCBuildConfiguration;
			buildSettings = {
				ALWAYS_SEARCH_USER_PATHS = NO;
				CLANG_ANALYZER_NONNULL = YES;
				CLANG_CXX_LANGUAGE_STANDARD = "gnu++0x";
				CLANG_CXX_LIBRARY = "libc++";
				CLANG_ENABLE_MODULES = YES;
				CLANG_ENABLE_OBJC_ARC = YES;
				CLANG_WARN_BOOL_CONVERSION = YES;
				CLANG_WARN_CONSTANT_CONVERSION = YES;
				CLANG_WARN_DIRECT_OBJC_ISA_USAGE = YES_ERROR;
				CLANG_WARN_DOCUMENTATION_COMMENTS = YES;
				CLANG_WARN_EMPTY_BODY = YES;
				CLANG_WARN_ENUM_CONVERSION = YES;
				CLANG_WARN_INFINITE_RECURSION = YES;
				CLANG_WARN_INT_CONVERSION = YES;
				CLANG_WARN_OBJC_ROOT_CLASS = YES_ERROR;
				CLANG_WARN_SUSPICIOUS_MOVE = YES;
				CLANG_WARN_UNREACHABLE_CODE = YES;
				CLANG_WARN__DUPLICATE_METHOD_MATCH = YES;
				"CODE_SIGN_IDENTITY[sdk=iphoneos*]" = "iPhone Developer";
				COPY_PHASE_STRIP = NO;
				DEBUG_INFORMATION_FORMAT = "dwarf-with-dsym";
				ENABLE_NS_ASSERTIONS = NO;
				ENABLE_STRICT_OBJC_MSGSEND = YES;
				GCC_C_LANGUAGE_STANDARD = gnu99;
				GCC_NO_COMMON_BLOCKS = YES;
				GCC_WARN_64_TO_32_BIT_CONVERSION = YES;
				GCC_WARN_ABOUT_RETURN_TYPE = YES_ERROR;
				GCC_WARN_UNDECLARED_SELECTOR = YES;
				GCC_WARN_UNINITIALIZED_AUTOS = YES_AGGRESSIVE;
				GCC_WARN_UNUSED_FUNCTION = YES;
				GCC_WARN_UNUSED_VARIABLE = YES;
				IPHONEOS_DEPLOYMENT_TARGET = 10.2;
				MTL_ENABLE_DEBUG_INFO = NO;
				SDKROOT = iphoneos;
				SWIFT_OPTIMIZATION_LEVEL = "-Owholemodule";
				TARGETED_DEVICE_FAMILY = "1,2";
				VALIDATE_PRODUCT = YES;
			};
			name = Release;
		};
		AA3012911E3000B30001DD89 /* Debug */ = {
			isa = XCBuildConfiguration;
			buildSettings = {
				ASSETCATALOG_COMPILER_APPICON_NAME = AppIcon;
				INFOPLIST_FILE = "How Many Fingers/Info.plist";
				LD_RUNPATH_SEARCH_PATHS = "$(inherited) @executable_path/Frameworks";
				PRODUCT_BUNDLE_IDENTIFIER = "com.ezitapps.How-Many-Fingers";
				PRODUCT_NAME = "$(TARGET_NAME)";
				SWIFT_VERSION = 3.0;
			};
			name = Debug;
		};
		AA3012921E3000B30001DD89 /* Release */ = {
			isa = XCBuildConfiguration;
			buildSettings = {
				ASSETCATALOG_COMPILER_APPICON_NAME = AppIcon;
				INFOPLIST_FILE = "How Many Fingers/Info.plist";
				LD_RUNPATH_SEARCH_PATHS = "$(inherited) @executable_path/Frameworks";
				PRODUCT_BUNDLE_IDENTIFIER = "com.ezitapps.How-Many-Fingers";
				PRODUCT_NAME = "$(TARGET_NAME)";
				SWIFT_VERSION = 3.0;
			};
			name = Release;
		};
/* End XCBuildConfiguration section */

/* Begin XCConfigurationList section */
		AA3012791E3000B30001DD89 /* Build configuration list for PBXProject "How Many Fingers" */ = {
			isa = XCConfigurationList;
			buildConfigurations = (
				AA30128E1E3000B30001DD89 /* Debug */,
				AA30128F1E3000B30001DD89 /* Release */,
			);
			defaultConfigurationIsVisible = 0;
			defaultConfigurationName = Release;
		};
		AA3012901E3000B30001DD89 /* Build configuration list for PBXNativeTarget "How Many Fingers" */ = {
			isa = XCConfigurationList;
			buildConfigurations = (
				AA3012911E3000B30001DD89 /* Debug */,
				AA3012921E3000B30001DD89 /* Release */,
			);
			defaultConfigurationIsVisible = 0;
		};
/* End XCConfigurationList section */
	};
	rootObject = AA3012761E3000B30001DD89 /* Project object */;
}
